// !$*UTF8*$!
{
	archiveVersion = 1;
	classes = {
	};
	objectVersion = 50;
	objects = {

/* Begin PBXBuildFile section */
		6328032326E74F690053F05C /* AppDelegate.swift in Sources */ = {isa = PBXBuildFile; fileRef = 6328032226E74F690053F05C /* AppDelegate.swift */; };
		6328032526E74F690053F05C /* SceneDelegate.swift in Sources */ = {isa = PBXBuildFile; fileRef = 6328032426E74F690053F05C /* SceneDelegate.swift */; };
		6328032726E74F690053F05C /* HomeViewController.swift in Sources */ = {isa = PBXBuildFile; fileRef = 6328032626E74F690053F05C /* HomeViewController.swift */; };
		6328032A26E74F690053F05C /* Main.storyboard in Resources */ = {isa = PBXBuildFile; fileRef = 6328032826E74F690053F05C /* Main.storyboard */; };
		6328032C26E74F6B0053F05C /* Assets.xcassets in Resources */ = {isa = PBXBuildFile; fileRef = 6328032B26E74F6B0053F05C /* Assets.xcassets */; };
		6328032F26E74F6B0053F05C /* LaunchScreen.storyboard in Resources */ = {isa = PBXBuildFile; fileRef = 6328032D26E74F6B0053F05C /* LaunchScreen.storyboard */; };
		6328033A26E74F6B0053F05C /* RubaeTests.swift in Sources */ = {isa = PBXBuildFile; fileRef = 6328033926E74F6B0053F05C /* RubaeTests.swift */; };
		6328034526E74F6B0053F05C /* RubaeUITests.swift in Sources */ = {isa = PBXBuildFile; fileRef = 6328034426E74F6B0053F05C /* RubaeUITests.swift */; };
		63F450FD26E95DF50018BC2E /* ExploreViewController.swift in Sources */ = {isa = PBXBuildFile; fileRef = 63F450FC26E95DF50018BC2E /* ExploreViewController.swift */; };
		63F450FF26E960420018BC2E /* CameraViewController.swift in Sources */ = {isa = PBXBuildFile; fileRef = 63F450FE26E960420018BC2E /* CameraViewController.swift */; };
		63F4510126E961720018BC2E /* NotificationsViewController.swift in Sources */ = {isa = PBXBuildFile; fileRef = 63F4510026E961720018BC2E /* NotificationsViewController.swift */; };
		63F4510326E961A70018BC2E /* CitizenViewController.swift in Sources */ = {isa = PBXBuildFile; fileRef = 63F4510226E961A70018BC2E /* CitizenViewController.swift */; };
/* End PBXBuildFile section */

/* Begin PBXContainerItemProxy section */
		6328033626E74F6B0053F05C /* PBXContainerItemProxy */ = {
			isa = PBXContainerItemProxy;
			containerPortal = 6328031726E74F680053F05C /* Project object */;
			proxyType = 1;
			remoteGlobalIDString = 6328031E26E74F690053F05C;
			remoteInfo = Instagram;
		};
		6328034126E74F6B0053F05C /* PBXContainerItemProxy */ = {
			isa = PBXContainerItemProxy;
			containerPortal = 6328031726E74F680053F05C /* Project object */;
			proxyType = 1;
			remoteGlobalIDString = 6328031E26E74F690053F05C;
			remoteInfo = Instagram;
		};
/* End PBXContainerItemProxy section */

/* Begin PBXFileReference section */
		6328031F26E74F690053F05C /* Rubae.app */ = {isa = PBXFileReference; explicitFileType = wrapper.application; includeInIndex = 0; path = Rubae.app; sourceTree = BUILT_PRODUCTS_DIR; };
		6328032226E74F690053F05C /* AppDelegate.swift */ = {isa = PBXFileReference; lastKnownFileType = sourcecode.swift; path = AppDelegate.swift; sourceTree = "<group>"; };
		6328032426E74F690053F05C /* SceneDelegate.swift */ = {isa = PBXFileReference; lastKnownFileType = sourcecode.swift; path = SceneDelegate.swift; sourceTree = "<group>"; };
		6328032626E74F690053F05C /* HomeViewController.swift */ = {isa = PBXFileReference; lastKnownFileType = sourcecode.swift; path = HomeViewController.swift; sourceTree = "<group>"; };
		6328032926E74F690053F05C /* Base */ = {isa = PBXFileReference; lastKnownFileType = file.storyboard; name = Base; path = Base.lproj/Main.storyboard; sourceTree = "<group>"; };
		6328032B26E74F6B0053F05C /* Assets.xcassets */ = {isa = PBXFileReference; lastKnownFileType = folder.assetcatalog; path = Assets.xcassets; sourceTree = "<group>"; };
		6328032E26E74F6B0053F05C /* Base */ = {isa = PBXFileReference; lastKnownFileType = file.storyboard; name = Base; path = Base.lproj/LaunchScreen.storyboard; sourceTree = "<group>"; };
		6328033026E74F6B0053F05C /* Info.plist */ = {isa = PBXFileReference; lastKnownFileType = text.plist.xml; path = Info.plist; sourceTree = "<group>"; };
		6328033526E74F6B0053F05C /* RubaeTests.xctest */ = {isa = PBXFileReference; explicitFileType = wrapper.cfbundle; includeInIndex = 0; path = RubaeTests.xctest; sourceTree = BUILT_PRODUCTS_DIR; };
		6328033926E74F6B0053F05C /* RubaeTests.swift */ = {isa = PBXFileReference; lastKnownFileType = sourcecode.swift; path = RubaeTests.swift; sourceTree = "<group>"; };
		6328033B26E74F6B0053F05C /* Info.plist */ = {isa = PBXFileReference; lastKnownFileType = text.plist.xml; path = Info.plist; sourceTree = "<group>"; };
		6328034026E74F6B0053F05C /* RubaeUITests.xctest */ = {isa = PBXFileReference; explicitFileType = wrapper.cfbundle; includeInIndex = 0; path = RubaeUITests.xctest; sourceTree = BUILT_PRODUCTS_DIR; };
		6328034426E74F6B0053F05C /* RubaeUITests.swift */ = {isa = PBXFileReference; lastKnownFileType = sourcecode.swift; path = RubaeUITests.swift; sourceTree = "<group>"; };
		6328034626E74F6B0053F05C /* Info.plist */ = {isa = PBXFileReference; lastKnownFileType = text.plist.xml; path = Info.plist; sourceTree = "<group>"; };
		63F450FC26E95DF50018BC2E /* ExploreViewController.swift */ = {isa = PBXFileReference; lastKnownFileType = sourcecode.swift; path = ExploreViewController.swift; sourceTree = "<group>"; };
		63F450FE26E960420018BC2E /* CameraViewController.swift */ = {isa = PBXFileReference; lastKnownFileType = sourcecode.swift; path = CameraViewController.swift; sourceTree = "<group>"; };
		63F4510026E961720018BC2E /* NotificationsViewController.swift */ = {isa = PBXFileReference; lastKnownFileType = sourcecode.swift; path = NotificationsViewController.swift; sourceTree = "<group>"; };
		63F4510226E961A70018BC2E /* CitizenViewController.swift */ = {isa = PBXFileReference; lastKnownFileType = sourcecode.swift; path = CitizenViewController.swift; sourceTree = "<group>"; };
/* End PBXFileReference section */

/* Begin PBXFrameworksBuildPhase section */
		6328031C26E74F690053F05C /* Frameworks */ = {
			isa = PBXFrameworksBuildPhase;
			buildActionMask = 2147483647;
			files = (
			);
			runOnlyForDeploymentPostprocessing = 0;
		};
		6328033226E74F6B0053F05C /* Frameworks */ = {
			isa = PBXFrameworksBuildPhase;
			buildActionMask = 2147483647;
			files = (
			);
			runOnlyForDeploymentPostprocessing = 0;
		};
		6328033D26E74F6B0053F05C /* Frameworks */ = {
			isa = PBXFrameworksBuildPhase;
			buildActionMask = 2147483647;
			files = (
			);
			runOnlyForDeploymentPostprocessing = 0;
		};
/* End PBXFrameworksBuildPhase section */

/* Begin PBXGroup section */
		6328031626E74F680053F05C = {
			isa = PBXGroup;
			children = (
				6328032126E74F690053F05C /* Rubae */,
				6328033826E74F6B0053F05C /* RubaeTests */,
				6328034326E74F6B0053F05C /* RubaeUITests */,
				6328032026E74F690053F05C /* Products */,
			);
			sourceTree = "<group>";
		};
		6328032026E74F690053F05C /* Products */ = {
			isa = PBXGroup;
			children = (
				6328031F26E74F690053F05C /* Rubae.app */,
				6328033526E74F6B0053F05C /* RubaeTests.xctest */,
				6328034026E74F6B0053F05C /* RubaeUITests.xctest */,
			);
			name = Products;
			sourceTree = "<group>";
		};
		6328032126E74F690053F05C /* Rubae */ = {
			isa = PBXGroup;
			children = (
				6328035526E752500053F05C /* Resources */,
				6328035426E7524A0053F05C /* Models */,
				6328035326E752430053F05C /* Views */,
				6328035226E751CF0053F05C /* Controllers */,
				6328033026E74F6B0053F05C /* Info.plist */,
			);
			path = Rubae;
			sourceTree = "<group>";
		};
		6328033826E74F6B0053F05C /* RubaeTests */ = {
			isa = PBXGroup;
			children = (
				6328033926E74F6B0053F05C /* RubaeTests.swift */,
				6328033B26E74F6B0053F05C /* Info.plist */,
			);
			path = RubaeTests;
			sourceTree = "<group>";
		};
		6328034326E74F6B0053F05C /* RubaeUITests */ = {
			isa = PBXGroup;
			children = (
				6328034426E74F6B0053F05C /* RubaeUITests.swift */,
				6328034626E74F6B0053F05C /* Info.plist */,
			);
			path = RubaeUITests;
			sourceTree = "<group>";
		};
		6328035226E751CF0053F05C /* Controllers */ = {
			isa = PBXGroup;
			children = (
				6328032626E74F690053F05C /* HomeViewController.swift */,
				63F450FC26E95DF50018BC2E /* ExploreViewController.swift */,
				63F450FE26E960420018BC2E /* CameraViewController.swift */,
				63F4510026E961720018BC2E /* NotificationsViewController.swift */,
				63F4510226E961A70018BC2E /* CitizenViewController.swift */,
			);
			path = Controllers;
			sourceTree = "<group>";
		};
		6328035326E752430053F05C /* Views */ = {
			isa = PBXGroup;
			children = (
				6328035626E752C20053F05C /* Storyboards */,
				6328032B26E74F6B0053F05C /* Assets.xcassets */,
			);
			path = Views;
			sourceTree = "<group>";
		};
		6328035426E7524A0053F05C /* Models */ = {
			isa = PBXGroup;
			children = (
			);
			path = Models;
			sourceTree = "<group>";
		};
		6328035526E752500053F05C /* Resources */ = {
			isa = PBXGroup;
			children = (
				6328032226E74F690053F05C /* AppDelegate.swift */,
				6328032426E74F690053F05C /* SceneDelegate.swift */,
			);
			path = Resources;
			sourceTree = "<group>";
		};
		6328035626E752C20053F05C /* Storyboards */ = {
			isa = PBXGroup;
			children = (
				6328032826E74F690053F05C /* Main.storyboard */,
				6328032D26E74F6B0053F05C /* LaunchScreen.storyboard */,
			);
			path = Storyboards;
			sourceTree = "<group>";
		};
/* End PBXGroup section */

/* Begin PBXNativeTarget section */
		6328031E26E74F690053F05C /* Rubae */ = {
			isa = PBXNativeTarget;
			buildConfigurationList = 6328034926E74F6B0053F05C /* Build configuration list for PBXNativeTarget "Rubae" */;
			buildPhases = (
				6328031B26E74F690053F05C /* Sources */,
				6328031C26E74F690053F05C /* Frameworks */,
				6328031D26E74F690053F05C /* Resources */,
			);
			buildRules = (
			);
			dependencies = (
			);
			name = Rubae;
			productName = Instagram;
			productReference = 6328031F26E74F690053F05C /* Rubae.app */;
			productType = "com.apple.product-type.application";
		};
		6328033426E74F6B0053F05C /* RubaeTests */ = {
			isa = PBXNativeTarget;
			buildConfigurationList = 6328034C26E74F6B0053F05C /* Build configuration list for PBXNativeTarget "RubaeTests" */;
			buildPhases = (
				6328033126E74F6B0053F05C /* Sources */,
				6328033226E74F6B0053F05C /* Frameworks */,
				6328033326E74F6B0053F05C /* Resources */,
			);
			buildRules = (
			);
			dependencies = (
				6328033726E74F6B0053F05C /* PBXTargetDependency */,
			);
			name = RubaeTests;
			productName = InstagramTests;
			productReference = 6328033526E74F6B0053F05C /* RubaeTests.xctest */;
			productType = "com.apple.product-type.bundle.unit-test";
		};
		6328033F26E74F6B0053F05C /* RubaeUITests */ = {
			isa = PBXNativeTarget;
			buildConfigurationList = 6328034F26E74F6B0053F05C /* Build configuration list for PBXNativeTarget "RubaeUITests" */;
			buildPhases = (
				6328033C26E74F6B0053F05C /* Sources */,
				6328033D26E74F6B0053F05C /* Frameworks */,
				6328033E26E74F6B0053F05C /* Resources */,
			);
			buildRules = (
			);
			dependencies = (
				6328034226E74F6B0053F05C /* PBXTargetDependency */,
			);
			name = RubaeUITests;
			productName = InstagramUITests;
			productReference = 6328034026E74F6B0053F05C /* RubaeUITests.xctest */;
			productType = "com.apple.product-type.bundle.ui-testing";
		};
/* End PBXNativeTarget section */

/* Begin PBXProject section */
		6328031726E74F680053F05C /* Project object */ = {
			isa = PBXProject;
			attributes = {
				LastSwiftUpdateCheck = 1250;
				LastUpgradeCheck = 1250;
				TargetAttributes = {
					6328031E26E74F690053F05C = {
						CreatedOnToolsVersion = 12.5.1;
					};
					6328033426E74F6B0053F05C = {
						CreatedOnToolsVersion = 12.5.1;
						TestTargetID = 6328031E26E74F690053F05C;
					};
					6328033F26E74F6B0053F05C = {
						CreatedOnToolsVersion = 12.5.1;
						TestTargetID = 6328031E26E74F690053F05C;
					};
				};
			};
			buildConfigurationList = 6328031A26E74F680053F05C /* Build configuration list for PBXProject "Rubae" */;
			compatibilityVersion = "Xcode 9.3";
			developmentRegion = en;
			hasScannedForEncodings = 0;
			knownRegions = (
				en,
				Base,
			);
			mainGroup = 6328031626E74F680053F05C;
			productRefGroup = 6328032026E74F690053F05C /* Products */;
			projectDirPath = "";
			projectRoot = "";
			targets = (
				6328031E26E74F690053F05C /* Rubae */,
				6328033426E74F6B0053F05C /* RubaeTests */,
				6328033F26E74F6B0053F05C /* RubaeUITests */,
			);
		};
/* End PBXProject section */

/* Begin PBXResourcesBuildPhase section */
		6328031D26E74F690053F05C /* Resources */ = {
			isa = PBXResourcesBuildPhase;
			buildActionMask = 2147483647;
			files = (
				6328032F26E74F6B0053F05C /* LaunchScreen.storyboard in Resources */,
				6328032C26E74F6B0053F05C /* Assets.xcassets in Resources */,
				6328032A26E74F690053F05C /* Main.storyboard in Resources */,
			);
			runOnlyForDeploymentPostprocessing = 0;
		};
		6328033326E74F6B0053F05C /* Resources */ = {
			isa = PBXResourcesBuildPhase;
			buildActionMask = 2147483647;
			files = (
			);
			runOnlyForDeploymentPostprocessing = 0;
		};
		6328033E26E74F6B0053F05C /* Resources */ = {
			isa = PBXResourcesBuildPhase;
			buildActionMask = 2147483647;
			files = (
			);
			runOnlyForDeploymentPostprocessing = 0;
		};
/* End PBXResourcesBuildPhase section */

/* Begin PBXSourcesBuildPhase section */
		6328031B26E74F690053F05C /* Sources */ = {
			isa = PBXSourcesBuildPhase;
			buildActionMask = 2147483647;
			files = (
				63F450FD26E95DF50018BC2E /* ExploreViewController.swift in Sources */,
				63F450FF26E960420018BC2E /* CameraViewController.swift in Sources */,
				6328032726E74F690053F05C /* HomeViewController.swift in Sources */,
				63F4510126E961720018BC2E /* NotificationsViewController.swift in Sources */,
				6328032326E74F690053F05C /* AppDelegate.swift in Sources */,
				63F4510326E961A70018BC2E /* CitizenViewController.swift in Sources */,
				6328032526E74F690053F05C /* SceneDelegate.swift in Sources */,
			);
			runOnlyForDeploymentPostprocessing = 0;
		};
		6328033126E74F6B0053F05C /* Sources */ = {
			isa = PBXSourcesBuildPhase;
			buildActionMask = 2147483647;
			files = (
				6328033A26E74F6B0053F05C /* RubaeTests.swift in Sources */,
			);
			runOnlyForDeploymentPostprocessing = 0;
		};
		6328033C26E74F6B0053F05C /* Sources */ = {
			isa = PBXSourcesBuildPhase;
			buildActionMask = 2147483647;
			files = (
				6328034526E74F6B0053F05C /* RubaeUITests.swift in Sources */,
			);
			runOnlyForDeploymentPostprocessing = 0;
		};
/* End PBXSourcesBuildPhase section */

/* Begin PBXTargetDependency section */
		6328033726E74F6B0053F05C /* PBXTargetDependency */ = {
			isa = PBXTargetDependency;
			target = 6328031E26E74F690053F05C /* Rubae */;
			targetProxy = 6328033626E74F6B0053F05C /* PBXContainerItemProxy */;
		};
		6328034226E74F6B0053F05C /* PBXTargetDependency */ = {
			isa = PBXTargetDependency;
			target = 6328031E26E74F690053F05C /* Rubae */;
			targetProxy = 6328034126E74F6B0053F05C /* PBXContainerItemProxy */;
		};
/* End PBXTargetDependency section */

/* Begin PBXVariantGroup section */
		6328032826E74F690053F05C /* Main.storyboard */ = {
			isa = PBXVariantGroup;
			children = (
				6328032926E74F690053F05C /* Base */,
			);
			name = Main.storyboard;
			sourceTree = "<group>";
		};
		6328032D26E74F6B0053F05C /* LaunchScreen.storyboard */ = {
			isa = PBXVariantGroup;
			children = (
				6328032E26E74F6B0053F05C /* Base */,
			);
			name = LaunchScreen.storyboard;
			sourceTree = "<group>";
		};
/* End PBXVariantGroup section */

/* Begin XCBuildConfiguration section */
		6328034726E74F6B0053F05C /* Debug */ = {
			isa = XCBuildConfiguration;
			buildSettings = {
				ALWAYS_SEARCH_USER_PATHS = NO;
				CLANG_ANALYZER_NONNULL = YES;
				CLANG_ANALYZER_NUMBER_OBJECT_CONVERSION = YES_AGGRESSIVE;
				CLANG_CXX_LANGUAGE_STANDARD = "gnu++14";
				CLANG_CXX_LIBRARY = "libc++";
				CLANG_ENABLE_MODULES = YES;
				CLANG_ENABLE_OBJC_ARC = YES;
				CLANG_ENABLE_OBJC_WEAK = YES;
				CLANG_WARN_BLOCK_CAPTURE_AUTORELEASING = YES;
				CLANG_WARN_BOOL_CONVERSION = YES;
				CLANG_WARN_COMMA = YES;
				CLANG_WARN_CONSTANT_CONVERSION = YES;
				CLANG_WARN_DEPRECATED_OBJC_IMPLEMENTATIONS = YES;
				CLANG_WARN_DIRECT_OBJC_ISA_USAGE = YES_ERROR;
				CLANG_WARN_DOCUMENTATION_COMMENTS = YES;
				CLANG_WARN_EMPTY_BODY = YES;
				CLANG_WARN_ENUM_CONVERSION = YES;
				CLANG_WARN_INFINITE_RECURSION = YES;
				CLANG_WARN_INT_CONVERSION = YES;
				CLANG_WARN_NON_LITERAL_NULL_CONVERSION = YES;
				CLANG_WARN_OBJC_IMPLICIT_RETAIN_SELF = YES;
				CLANG_WARN_OBJC_LITERAL_CONVERSION = YES;
				CLANG_WARN_OBJC_ROOT_CLASS = YES_ERROR;
				CLANG_WARN_QUOTED_INCLUDE_IN_FRAMEWORK_HEADER = YES;
				CLANG_WARN_RANGE_LOOP_ANALYSIS = YES;
				CLANG_WARN_STRICT_PROTOTYPES = YES;
				CLANG_WARN_SUSPICIOUS_MOVE = YES;
				CLANG_WARN_UNGUARDED_AVAILABILITY = YES_AGGRESSIVE;
				CLANG_WARN_UNREACHABLE_CODE = YES;
				CLANG_WARN__DUPLICATE_METHOD_MATCH = YES;
				COPY_PHASE_STRIP = NO;
				DEBUG_INFORMATION_FORMAT = dwarf;
				ENABLE_STRICT_OBJC_MSGSEND = YES;
				ENABLE_TESTABILITY = YES;
				GCC_C_LANGUAGE_STANDARD = gnu11;
				GCC_DYNAMIC_NO_PIC = NO;
				GCC_NO_COMMON_BLOCKS = YES;
				GCC_OPTIMIZATION_LEVEL = 0;
				GCC_PREPROCESSOR_DEFINITIONS = (
					"DEBUG=1",
					"$(inherited)",
				);
				GCC_WARN_64_TO_32_BIT_CONVERSION = YES;
				GCC_WARN_ABOUT_RETURN_TYPE = YES_ERROR;
				GCC_WARN_UNDECLARED_SELECTOR = YES;
				GCC_WARN_UNINITIALIZED_AUTOS = YES_AGGRESSIVE;
				GCC_WARN_UNUSED_FUNCTION = YES;
				GCC_WARN_UNUSED_VARIABLE = YES;
				IPHONEOS_DEPLOYMENT_TARGET = 14.5;
				MTL_ENABLE_DEBUG_INFO = INCLUDE_SOURCE;
				MTL_FAST_MATH = YES;
				ONLY_ACTIVE_ARCH = YES;
				SDKROOT = iphoneos;
				SWIFT_ACTIVE_COMPILATION_CONDITIONS = DEBUG;
				SWIFT_OPTIMIZATION_LEVEL = "-Onone";
			};
			name = Debug;
		};
		6328034826E74F6B0053F05C /* Release */ = {
			isa = XCBuildConfiguration;
			buildSettings = {
				ALWAYS_SEARCH_USER_PATHS = NO;
				CLANG_ANALYZER_NONNULL = YES;
				CLANG_ANALYZER_NUMBER_OBJECT_CONVERSION = YES_AGGRESSIVE;
				CLANG_CXX_LANGUAGE_STANDARD = "gnu++14";
				CLANG_CXX_LIBRARY = "libc++";
				CLANG_ENABLE_MODULES = YES;
				CLANG_ENABLE_OBJC_ARC = YES;
				CLANG_ENABLE_OBJC_WEAK = YES;
				CLANG_WARN_BLOCK_CAPTURE_AUTORELEASING = YES;
				CLANG_WARN_BOOL_CONVERSION = YES;
				CLANG_WARN_COMMA = YES;
				CLANG_WARN_CONSTANT_CONVERSION = YES;
				CLANG_WARN_DEPRECATED_OBJC_IMPLEMENTATIONS = YES;
				CLANG_WARN_DIRECT_OBJC_ISA_USAGE = YES_ERROR;
				CLANG_WARN_DOCUMENTATION_COMMENTS = YES;
				CLANG_WARN_EMPTY_BODY = YES;
				CLANG_WARN_ENUM_CONVERSION = YES;
				CLANG_WARN_INFINITE_RECURSION = YES;
				CLANG_WARN_INT_CONVERSION = YES;
				CLANG_WARN_NON_LITERAL_NULL_CONVERSION = YES;
				CLANG_WARN_OBJC_IMPLICIT_RETAIN_SELF = YES;
				CLANG_WARN_OBJC_LITERAL_CONVERSION = YES;
				CLANG_WARN_OBJC_ROOT_CLASS = YES_ERROR;
				CLANG_WARN_QUOTED_INCLUDE_IN_FRAMEWORK_HEADER = YES;
				CLANG_WARN_RANGE_LOOP_ANALYSIS = YES;
				CLANG_WARN_STRICT_PROTOTYPES = YES;
				CLANG_WARN_SUSPICIOUS_MOVE = YES;
				CLANG_WARN_UNGUARDED_AVAILABILITY = YES_AGGRESSIVE;
				CLANG_WARN_UNREACHABLE_CODE = YES;
				CLANG_WARN__DUPLICATE_METHOD_MATCH = YES;
				COPY_PHASE_STRIP = NO;
				DEBUG_INFORMATION_FORMAT = "dwarf-with-dsym";
				ENABLE_NS_ASSERTIONS = NO;
				ENABLE_STRICT_OBJC_MSGSEND = YES;
				GCC_C_LANGUAGE_STANDARD = gnu11;
				GCC_NO_COMMON_BLOCKS = YES;
				GCC_WARN_64_TO_32_BIT_CONVERSION = YES;
				GCC_WARN_ABOUT_RETURN_TYPE = YES_ERROR;
				GCC_WARN_UNDECLARED_SELECTOR = YES;
				GCC_WARN_UNINITIALIZED_AUTOS = YES_AGGRESSIVE;
				GCC_WARN_UNUSED_FUNCTION = YES;
				GCC_WARN_UNUSED_VARIABLE = YES;
				IPHONEOS_DEPLOYMENT_TARGET = 14.5;
				MTL_ENABLE_DEBUG_INFO = NO;
				MTL_FAST_MATH = YES;
				SDKROOT = iphoneos;
				SWIFT_COMPILATION_MODE = wholemodule;
				SWIFT_OPTIMIZATION_LEVEL = "-O";
				VALIDATE_PRODUCT = YES;
			};
			name = Release;
		};
		6328034A26E74F6B0053F05C /* Debug */ = {
			isa = XCBuildConfiguration;
			buildSettings = {
				ASSETCATALOG_COMPILER_APPICON_NAME = AppIcon;
				ASSETCATALOG_COMPILER_GLOBAL_ACCENT_COLOR_NAME = AccentColor;
				CODE_SIGN_STYLE = Automatic;
				DEVELOPMENT_TEAM = 27CG529J7M;
				INFOPLIST_FILE = Rubae/Info.plist;
				LD_RUNPATH_SEARCH_PATHS = (
					"$(inherited)",
					"@executable_path/Frameworks",
				);
				PRODUCT_BUNDLE_IDENTIFIER = com.rickyjsparks.Rubae;
				PRODUCT_NAME = "$(TARGET_NAME)";
				SWIFT_VERSION = 5.0;
				TARGETED_DEVICE_FAMILY = "1,2";
			};
			name = Debug;
		};
		6328034B26E74F6B0053F05C /* Release */ = {
			isa = XCBuildConfiguration;
			buildSettings = {
				ASSETCATALOG_COMPILER_APPICON_NAME = AppIcon;
				ASSETCATALOG_COMPILER_GLOBAL_ACCENT_COLOR_NAME = AccentColor;
				CODE_SIGN_STYLE = Automatic;
				DEVELOPMENT_TEAM = 27CG529J7M;
				INFOPLIST_FILE = Rubae/Info.plist;
				LD_RUNPATH_SEARCH_PATHS = (
					"$(inherited)",
					"@executable_path/Frameworks",
				);
				PRODUCT_BUNDLE_IDENTIFIER = com.rickyjsparks.Rubae;
				PRODUCT_NAME = "$(TARGET_NAME)";
				SWIFT_VERSION = 5.0;
				TARGETED_DEVICE_FAMILY = "1,2";
			};
			name = Release;
		};
		6328034D26E74F6B0053F05C /* Debug */ = {
			isa = XCBuildConfiguration;
			buildSettings = {
				ALWAYS_EMBED_SWIFT_STANDARD_LIBRARIES = YES;
				BUNDLE_LOADER = "$(TEST_HOST)";
				CODE_SIGN_STYLE = Automatic;
				DEVELOPMENT_TEAM = 27CG529J7M;
				INFOPLIST_FILE = RubaeTests/Info.plist;
				IPHONEOS_DEPLOYMENT_TARGET = 14.5;
				LD_RUNPATH_SEARCH_PATHS = (
					"$(inherited)",
					"@executable_path/Frameworks",
					"@loader_path/Frameworks",
				);
				PRODUCT_BUNDLE_IDENTIFIER = com.rickyjsparks.RubaeTests;
				PRODUCT_NAME = "$(TARGET_NAME)";
				SWIFT_VERSION = 5.0;
				TARGETED_DEVICE_FAMILY = "1,2";
				TEST_HOST = "$(BUILT_PRODUCTS_DIR)/Rubae.app/Rubae";
			};
			name = Debug;
		};
		6328034E26E74F6B0053F05C /* Release */ = {
			isa = XCBuildConfiguration;
			buildSettings = {
				ALWAYS_EMBED_SWIFT_STANDARD_LIBRARIES = YES;
				BUNDLE_LOADER = "$(TEST_HOST)";
				CODE_SIGN_STYLE = Automatic;
				DEVELOPMENT_TEAM = 27CG529J7M;
				INFOPLIST_FILE = RubaeTests/Info.plist;
				IPHONEOS_DEPLOYMENT_TARGET = 14.5;
				LD_RUNPATH_SEARCH_PATHS = (
					"$(inherited)",
					"@executable_path/Frameworks",
					"@loader_path/Frameworks",
				);
				PRODUCT_BUNDLE_IDENTIFIER = com.rickyjsparks.RubaeTests;
				PRODUCT_NAME = "$(TARGET_NAME)";
				SWIFT_VERSION = 5.0;
				TARGETED_DEVICE_FAMILY = "1,2";
				TEST_HOST = "$(BUILT_PRODUCTS_DIR)/Rubae.app/Rubae";
			};
			name = Release;
		};
		6328035026E74F6B0053F05C /* Debug */ = {
			isa = XCBuildConfiguration;
			buildSettings = {
				ALWAYS_EMBED_SWIFT_STANDARD_LIBRARIES = YES;
				CODE_SIGN_STYLE = Automatic;
				DEVELOPMENT_TEAM = 27CG529J7M;
				INFOPLIST_FILE = RubaeUITests/Info.plist;
				LD_RUNPATH_SEARCH_PATHS = (
					"$(inherited)",
					"@executable_path/Frameworks",
					"@loader_path/Frameworks",
				);
				PRODUCT_BUNDLE_IDENTIFIER = com.rickyjsparks.RubaeUITests;
				PRODUCT_NAME = "$(TARGET_NAME)";
				SWIFT_VERSION = 5.0;
				TARGETED_DEVICE_FAMILY = "1,2";
				TEST_TARGET_NAME = Rubae;
			};
			name = Debug;
		};
		6328035126E74F6B0053F05C /* Release */ = {
			isa = XCBuildConfiguration;
			buildSettings = {
				ALWAYS_EMBED_SWIFT_STANDARD_LIBRARIES = YES;
				CODE_SIGN_STYLE = Automatic;
				DEVELOPMENT_TEAM = 27CG529J7M;
				INFOPLIST_FILE = RubaeUITests/Info.plist;
				LD_RUNPATH_SEARCH_PATHS = (
					"$(inherited)",
					"@executable_path/Frameworks",
					"@loader_path/Frameworks",
				);
				PRODUCT_BUNDLE_IDENTIFIER = com.rickyjsparks.RubaeUITests;
				PRODUCT_NAME = "$(TARGET_NAME)";
				SWIFT_VERSION = 5.0;
				TARGETED_DEVICE_FAMILY = "1,2";
				TEST_TARGET_NAME = Rubae;
			};
			name = Release;
		};
/* End XCBuildConfiguration section */

/* Begin XCConfigurationList section */
		6328031A26E74F680053F05C /* Build configuration list for PBXProject "Rubae" */ = {
			isa = XCConfigurationList;
			buildConfigurations = (
				6328034726E74F6B0053F05C /* Debug */,
				6328034826E74F6B0053F05C /* Release */,
			);
			defaultConfigurationIsVisible = 0;
			defaultConfigurationName = Release;
		};
		6328034926E74F6B0053F05C /* Build configuration list for PBXNativeTarget "Rubae" */ = {
			isa = XCConfigurationList;
			buildConfigurations = (
				6328034A26E74F6B0053F05C /* Debug */,
				6328034B26E74F6B0053F05C /* Release */,
			);
			defaultConfigurationIsVisible = 0;
			defaultConfigurationName = Release;
		};
		6328034C26E74F6B0053F05C /* Build configuration list for PBXNativeTarget "RubaeTests" */ = {
			isa = XCConfigurationList;
			buildConfigurations = (
				6328034D26E74F6B0053F05C /* Debug */,
				6328034E26E74F6B0053F05C /* Release */,
			);
			defaultConfigurationIsVisible = 0;
			defaultConfigurationName = Release;
		};
		6328034F26E74F6B0053F05C /* Build configuration list for PBXNativeTarget "RubaeUITests" */ = {
			isa = XCConfigurationList;
			buildConfigurations = (
				6328035026E74F6B0053F05C /* Debug */,
				6328035126E74F6B0053F05C /* Release */,
			);
			defaultConfigurationIsVisible = 0;
			defaultConfigurationName = Release;
		};
/* End XCConfigurationList section */
	};
	rootObject = 6328031726E74F680053F05C /* Project object */;
}
